// !$*UTF8*$!
{
	archiveVersion = 1;
	classes = {
	};
	objectVersion = 46;
	objects = {

/* Begin PBXBuildFile section */
		1F5671011E9B60F500B3B4D0 /* main.swift in Sources */ = {isa = PBXBuildFile; fileRef = 1F5671001E9B60F500B3B4D0 /* main.swift */; };
		1F5671081E9B612F00B3B4D0 /* Game.swift in Sources */ = {isa = PBXBuildFile; fileRef = 1F5671071E9B612F00B3B4D0 /* Game.swift */; };
		1F56710A1E9B6B4900B3B4D0 /* Player.swift in Sources */ = {isa = PBXBuildFile; fileRef = 1F5671091E9B6B4900B3B4D0 /* Player.swift */; };
		3C638337A09E7694A5AE32C4 /* Roll.swift in Sources */ = {isa = PBXBuildFile; fileRef = 3C6389563C7C36CCBF3943C5 /* Roll.swift */; };
		3C638F967A4609CF2C3AED5C /* Frame.swift in Sources */ = {isa = PBXBuildFile; fileRef = 3C638A6021AFC4A9B72A2EA4 /* Frame.swift */; };
/* End PBXBuildFile section */

/* Begin PBXCopyFilesBuildPhase section */
		1F5670FB1E9B60F500B3B4D0 /* CopyFiles */ = {
			isa = PBXCopyFilesBuildPhase;
			buildActionMask = 2147483647;
			dstPath = /usr/share/man/man1/;
			dstSubfolderSpec = 0;
			files = (
			);
			runOnlyForDeploymentPostprocessing = 1;
		};
/* End PBXCopyFilesBuildPhase section */

/* Begin PBXFileReference section */
		1F5670FD1E9B60F500B3B4D0 /* CodingKata Bowling */ = {isa = PBXFileReference; explicitFileType = "compiled.mach-o.executable"; includeInIndex = 0; path = "CodingKata Bowling"; sourceTree = BUILT_PRODUCTS_DIR; };
		1F5671001E9B60F500B3B4D0 /* main.swift */ = {isa = PBXFileReference; lastKnownFileType = sourcecode.swift; path = main.swift; sourceTree = "<group>"; };
		1F5671071E9B612F00B3B4D0 /* Game.swift */ = {isa = PBXFileReference; fileEncoding = 4; lastKnownFileType = sourcecode.swift; path = Game.swift; sourceTree = "<group>"; };
		1F5671091E9B6B4900B3B4D0 /* Player.swift */ = {isa = PBXFileReference; fileEncoding = 4; lastKnownFileType = sourcecode.swift; path = Player.swift; sourceTree = "<group>"; };
		3C6389563C7C36CCBF3943C5 /* Roll.swift */ = {isa = PBXFileReference; fileEncoding = 4; lastKnownFileType = sourcecode.swift; path = Roll.swift; sourceTree = "<group>"; };
		3C638A6021AFC4A9B72A2EA4 /* Frame.swift */ = {isa = PBXFileReference; fileEncoding = 4; lastKnownFileType = sourcecode.swift; path = Frame.swift; sourceTree = "<group>"; };
/* End PBXFileReference section */

/* Begin PBXFrameworksBuildPhase section */
		1F5670FA1E9B60F500B3B4D0 /* Frameworks */ = {
			isa = PBXFrameworksBuildPhase;
			buildActionMask = 2147483647;
			files = (
			);
			runOnlyForDeploymentPostprocessing = 0;
		};
/* End PBXFrameworksBuildPhase section */

/* Begin PBXGroup section */
		1F5670F41E9B60F500B3B4D0 = {
			isa = PBXGroup;
			children = (
				1F5670FF1E9B60F500B3B4D0 /* CodingKata Bowling */,
				1F5670FE1E9B60F500B3B4D0 /* Products */,
			);
			sourceTree = "<group>";
		};
		1F5670FE1E9B60F500B3B4D0 /* Products */ = {
			isa = PBXGroup;
			children = (
				1F5670FD1E9B60F500B3B4D0 /* CodingKata Bowling */,
			);
			name = Products;
			sourceTree = "<group>";
		};
		1F5670FF1E9B60F500B3B4D0 /* CodingKata Bowling */ = {
			isa = PBXGroup;
			children = (
				1F5671001E9B60F500B3B4D0 /* main.swift */,
				1F5671071E9B612F00B3B4D0 /* Game.swift */,
				1F5671091E9B6B4900B3B4D0 /* Player.swift */,
				3C638A6021AFC4A9B72A2EA4 /* Frame.swift */,
				3C6389563C7C36CCBF3943C5 /* Roll.swift */,
			);
			path = "CodingKata Bowling";
			sourceTree = "<group>";
		};
/* End PBXGroup section */

/* Begin PBXNativeTarget section */
		1F5670FC1E9B60F500B3B4D0 /* CodingKata Bowling */ = {
			isa = PBXNativeTarget;
			buildConfigurationList = 1F5671041E9B60F500B3B4D0 /* Build configuration list for PBXNativeTarget "CodingKata Bowling" */;
			buildPhases = (
				1F5670F91E9B60F500B3B4D0 /* Sources */,
				1F5670FA1E9B60F500B3B4D0 /* Frameworks */,
				1F5670FB1E9B60F500B3B4D0 /* CopyFiles */,
			);
			buildRules = (
			);
			dependencies = (
			);
			name = "CodingKata Bowling";
			productName = "CodingKata Bowling";
			productReference = 1F5670FD1E9B60F500B3B4D0 /* CodingKata Bowling */;
			productType = "com.apple.product-type.tool";
		};
/* End PBXNativeTarget section */

/* Begin PBXProject section */
		1F5670F51E9B60F500B3B4D0 /* Project object */ = {
			isa = PBXProject;
			attributes = {
				LastSwiftUpdateCheck = 0830;
				LastUpgradeCheck = 0830;
				ORGANIZATIONNAME = "Sitio IT";
				TargetAttributes = {
					1F5670FC1E9B60F500B3B4D0 = {
						CreatedOnToolsVersion = 8.3;
						DevelopmentTeam = N2K2X4WXGR;
						ProvisioningStyle = Automatic;
					};
				};
			};
			buildConfigurationList = 1F5670F81E9B60F500B3B4D0 /* Build configuration list for PBXProject "CodingKata Bowling" */;
			compatibilityVersion = "Xcode 3.2";
			developmentRegion = English;
			hasScannedForEncodings = 0;
			knownRegions = (
				en,
			);
			mainGroup = 1F5670F41E9B60F500B3B4D0;
			productRefGroup = 1F5670FE1E9B60F500B3B4D0 /* Products */;
			projectDirPath = "";
			projectRoot = "";
			targets = (
				1F5670FC1E9B60F500B3B4D0 /* CodingKata Bowling */,
			);
		};
/* End PBXProject section */

/* Begin PBXSourcesBuildPhase section */
		1F5670F91E9B60F500B3B4D0 /* Sources */ = {
			isa = PBXSourcesBuildPhase;
			buildActionMask = 2147483647;
			files = (
				1F5671011E9B60F500B3B4D0 /* main.swift in Sources */,
				1F56710A1E9B6B4900B3B4D0 /* Player.swift in Sources */,
				1F5671081E9B612F00B3B4D0 /* Game.swift in Sources */,
				3C638F967A4609CF2C3AED5C /* Frame.swift in Sources */,
				3C638337A09E7694A5AE32C4 /* Roll.swift in Sources */,
			);
			runOnlyForDeploymentPostprocessing = 0;
		};
/* End PBXSourcesBuildPhase section */

/* Begin XCBuildConfiguration section */
		1F5671021E9B60F500B3B4D0 /* Debug */ = {
			isa = XCBuildConfiguration;
			buildSettings = {
				ALWAYS_SEARCH_USER_PATHS = NO;
				CLANG_ANALYZER_NONNULL = YES;
				CLANG_ANALYZER_NUMBER_OBJECT_CONVERSION = YES_AGGRESSIVE;
				CLANG_CXX_LANGUAGE_STANDARD = "gnu++0x";
				CLANG_CXX_LIBRARY = "libc++";
				CLANG_ENABLE_MODULES = YES;
				CLANG_ENABLE_OBJC_ARC = YES;
				CLANG_WARN_BOOL_CONVERSION = YES;
				CLANG_WARN_CONSTANT_CONVERSION = YES;
				CLANG_WARN_DIRECT_OBJC_ISA_USAGE = YES_ERROR;
				CLANG_WARN_DOCUMENTATION_COMMENTS = YES;
				CLANG_WARN_EMPTY_BODY = YES;
				CLANG_WARN_ENUM_CONVERSION = YES;
				CLANG_WARN_INFINITE_RECURSION = YES;
				CLANG_WARN_INT_CONVERSION = YES;
				CLANG_WARN_OBJC_ROOT_CLASS = YES_ERROR;
				CLANG_WARN_SUSPICIOUS_MOVE = YES;
				CLANG_WARN_UNREACHABLE_CODE = YES;
				CLANG_WARN__DUPLICATE_METHOD_MATCH = YES;
				CODE_SIGN_IDENTITY = "-";
				COPY_PHASE_STRIP = NO;
				DEBUG_INFORMATION_FORMAT = dwarf;
				ENABLE_STRICT_OBJC_MSGSEND = YES;
				ENABLE_TESTABILITY = YES;
				GCC_C_LANGUAGE_STANDARD = gnu99;
				GCC_DYNAMIC_NO_PIC = NO;
				GCC_NO_COMMON_BLOCKS = YES;
				GCC_OPTIMIZATION_LEVEL = 0;
				GCC_PREPROCESSOR_DEFINITIONS = (
					"DEBUG=1",
					"$(inherited)",
				);
				GCC_WARN_64_TO_32_BIT_CONVERSION = YES;
				GCC_WARN_ABOUT_RETURN_TYPE = YES_ERROR;
				GCC_WARN_UNDECLARED_SELECTOR = YES;
				GCC_WARN_UNINITIALIZED_AUTOS = YES_AGGRESSIVE;
				GCC_WARN_UNUSED_FUNCTION = YES;
				GCC_WARN_UNUSED_VARIABLE = YES;
				MACOSX_DEPLOYMENT_TARGET = 10.12;
				MTL_ENABLE_DEBUG_INFO = YES;
				ONLY_ACTIVE_ARCH = YES;
				SDKROOT = macosx;
				SWIFT_OPTIMIZATION_LEVEL = "-Onone";
			};
			name = Debug;
		};
		1F5671031E9B60F500B3B4D0 /* Release */ = {
			isa = XCBuildConfiguration;
			buildSettings = {
				ALWAYS_SEARCH_USER_PATHS = NO;
				CLANG_ANALYZER_NONNULL = YES;
				CLANG_ANALYZER_NUMBER_OBJECT_CONVERSION = YES_AGGRESSIVE;
				CLANG_CXX_LANGUAGE_STANDARD = "gnu++0x";
				CLANG_CXX_LIBRARY = "libc++";
				CLANG_ENABLE_MODULES = YES;
				CLANG_ENABLE_OBJC_ARC = YES;
				CLANG_WARN_BOOL_CONVERSION = YES;
				CLANG_WARN_CONSTANT_CONVERSION = YES;
				CLANG_WARN_DIRECT_OBJC_ISA_USAGE = YES_ERROR;
				CLANG_WARN_DOCUMENTATION_COMMENTS = YES;
				CLANG_WARN_EMPTY_BODY = YES;
				CLANG_WARN_ENUM_CONVERSION = YES;
				CLANG_WARN_INFINITE_RECURSION = YES;
				CLANG_WARN_INT_CONVERSION = YES;
				CLANG_WARN_OBJC_ROOT_CLASS = YES_ERROR;
				CLANG_WARN_SUSPICIOUS_MOVE = YES;
				CLANG_WARN_UNREACHABLE_CODE = YES;
				CLANG_WARN__DUPLICATE_METHOD_MATCH = YES;
				CODE_SIGN_IDENTITY = "-";
				COPY_PHASE_STRIP = NO;
				DEBUG_INFORMATION_FORMAT = "dwarf-with-dsym";
				ENABLE_NS_ASSERTIONS = NO;
				ENABLE_STRICT_OBJC_MSGSEND = YES;
				GCC_C_LANGUAGE_STANDARD = gnu99;
				GCC_NO_COMMON_BLOCKS = YES;
				GCC_WARN_64_TO_32_BIT_CONVERSION = YES;
				GCC_WARN_ABOUT_RETURN_TYPE = YES_ERROR;
				GCC_WARN_UNDECLARED_SELECTOR = YES;
				GCC_WARN_UNINITIALIZED_AUTOS = YES_AGGRESSIVE;
				GCC_WARN_UNUSED_FUNCTION = YES;
				GCC_WARN_UNUSED_VARIABLE = YES;
				MACOSX_DEPLOYMENT_TARGET = 10.12;
				MTL_ENABLE_DEBUG_INFO = NO;
				SDKROOT = macosx;
			};
			name = Release;
		};
		1F5671051E9B60F500B3B4D0 /* Debug */ = {
			isa = XCBuildConfiguration;
			buildSettings = {
				DEVELOPMENT_TEAM = N2K2X4WXGR;
				PRODUCT_NAME = "$(TARGET_NAME)";
				SWIFT_VERSION = 3.0;
			};
			name = Debug;
		};
		1F5671061E9B60F500B3B4D0 /* Release */ = {
			isa = XCBuildConfiguration;
			buildSettings = {
				DEVELOPMENT_TEAM = N2K2X4WXGR;
				PRODUCT_NAME = "$(TARGET_NAME)";
				SWIFT_VERSION = 3.0;
			};
			name = Release;
		};
/* End XCBuildConfiguration section */

/* Begin XCConfigurationList section */
		1F5670F81E9B60F500B3B4D0 /* Build configuration list for PBXProject "CodingKata Bowling" */ = {
			isa = XCConfigurationList;
			buildConfigurations = (
				1F5671021E9B60F500B3B4D0 /* Debug */,
				1F5671031E9B60F500B3B4D0 /* Release */,
			);
			defaultConfigurationIsVisible = 0;
			defaultConfigurationName = Release;
		};
		1F5671041E9B60F500B3B4D0 /* Build configuration list for PBXNativeTarget "CodingKata Bowling" */ = {
			isa = XCConfigurationList;
			buildConfigurations = (
				1F5671051E9B60F500B3B4D0 /* Debug */,
				1F5671061E9B60F500B3B4D0 /* Release */,
			);
			defaultConfigurationIsVisible = 0;
		};
/* End XCConfigurationList section */
	};
	rootObject = 1F5670F51E9B60F500B3B4D0 /* Project object */;
}
